// !$*UTF8*$!
{
	archiveVersion = 1;
	classes = {
	};
	objectVersion = 70;
	objects = {

/* Begin PBXBuildFile section */
		5CD9FE1E2CA7751800248FDF /* Contributing.md in Resources */ = {isa = PBXBuildFile; fileRef = 5CD9FE1D2CA7751800248FDF /* Contributing.md */; };
		5CD9FE202CA778A200248FDF /* SymbolGrid.xcconfig.template in Resources */ = {isa = PBXBuildFile; fileRef = 5CD9FE1F2CA778A200248FDF /* SymbolGrid.xcconfig.template */; };
		5CD9FE222CA7794000248FDF /* README.md in Resources */ = {isa = PBXBuildFile; fileRef = 5CD9FE212CA7794000248FDF /* README.md */; };
		5CD9FE242CA77C0B00248FDF /* LICENSE in Resources */ = {isa = PBXBuildFile; fileRef = 5CD9FE232CA77C0B00248FDF /* LICENSE */; };
		5CD9FE262CA77C4B00248FDF /* .gitignore in Resources */ = {isa = PBXBuildFile; fileRef = 5CD9FE252CA77C4B00248FDF /* .gitignore */; };
		5CD9FE282CA77C9D00248FDF /* .swiftlint.yml in Resources */ = {isa = PBXBuildFile; fileRef = 5CD9FE272CA77C9D00248FDF /* .swiftlint.yml */; };
		5CD9FF242CAADF1500248FDF /* Splash in Frameworks */ = {isa = PBXBuildFile; productRef = 5CD9FF232CAADF1500248FDF /* Splash */; };
		775651C02C10E9190013B34B /* SFSymbolKit in Frameworks */ = {isa = PBXBuildFile; productRef = 775651BF2C10E9190013B34B /* SFSymbolKit */; };
		7783DB8D2C2B606F00F993E3 /* Design in Frameworks */ = {isa = PBXBuildFile; productRef = 7783DB8C2C2B606F00F993E3 /* Design */; };
		8B21B73F2C224F07008A0518 /* Search.appex in Embed Foundation Extensions */ = {isa = PBXBuildFile; fileRef = 8B21B7382C224F07008A0518 /* Search.appex */; settings = {ATTRIBUTES = (RemoveHeadersOnCopy, ); }; };
/* End PBXBuildFile section */

/* Begin PBXContainerItemProxy section */
		778C784C2C0A4658000CDC92 /* PBXContainerItemProxy */ = {
			isa = PBXContainerItemProxy;
			containerPortal = 778C78332C0A4656000CDC92 /* Project object */;
			proxyType = 1;
			remoteGlobalIDString = 778C783A2C0A4656000CDC92;
			remoteInfo = SymbolGrid;
		};
		778C78562C0A4658000CDC92 /* PBXContainerItemProxy */ = {
			isa = PBXContainerItemProxy;
			containerPortal = 778C78332C0A4656000CDC92 /* Project object */;
			proxyType = 1;
			remoteGlobalIDString = 778C783A2C0A4656000CDC92;
			remoteInfo = SymbolGrid;
		};
		8B21B73D2C224F07008A0518 /* PBXContainerItemProxy */ = {
			isa = PBXContainerItemProxy;
			containerPortal = 778C78332C0A4656000CDC92 /* Project object */;
			proxyType = 1;
			remoteGlobalIDString = 8B21B7372C224F07008A0518;
			remoteInfo = Search;
		};
/* End PBXContainerItemProxy section */

/* Begin PBXCopyFilesBuildPhase section */
		8B5F6EDA2C22427200D47611 /* Embed Foundation Extensions */ = {
			isa = PBXCopyFilesBuildPhase;
			buildActionMask = 2147483647;
			dstPath = "";
			dstSubfolderSpec = 13;
			files = (
				8B21B73F2C224F07008A0518 /* Search.appex in Embed Foundation Extensions */,
			);
			name = "Embed Foundation Extensions";
			runOnlyForDeploymentPostprocessing = 0;
		};
/* End PBXCopyFilesBuildPhase section */

/* Begin PBXFileReference section */
		5CD9FE1D2CA7751800248FDF /* Contributing.md */ = {isa = PBXFileReference; lastKnownFileType = net.daringfireball.markdown; path = Contributing.md; sourceTree = "<group>"; };
		5CD9FE1F2CA778A200248FDF /* SymbolGrid.xcconfig.template */ = {isa = PBXFileReference; lastKnownFileType = text; path = SymbolGrid.xcconfig.template; sourceTree = "<group>"; };
		5CD9FE212CA7794000248FDF /* README.md */ = {isa = PBXFileReference; lastKnownFileType = net.daringfireball.markdown; path = README.md; sourceTree = "<group>"; };
		5CD9FE232CA77C0B00248FDF /* LICENSE */ = {isa = PBXFileReference; lastKnownFileType = text; path = LICENSE; sourceTree = "<group>"; };
		5CD9FE252CA77C4B00248FDF /* .gitignore */ = {isa = PBXFileReference; lastKnownFileType = text; path = .gitignore; sourceTree = "<group>"; };
		5CD9FE272CA77C9D00248FDF /* .swiftlint.yml */ = {isa = PBXFileReference; lastKnownFileType = text.yaml; path = .swiftlint.yml; sourceTree = "<group>"; };
		778C783B2C0A4656000CDC92 /* SymbolGrid.app */ = {isa = PBXFileReference; explicitFileType = wrapper.application; includeInIndex = 0; path = SymbolGrid.app; sourceTree = BUILT_PRODUCTS_DIR; };
		778C784B2C0A4658000CDC92 /* SymbolGridTests.xctest */ = {isa = PBXFileReference; explicitFileType = wrapper.cfbundle; includeInIndex = 0; path = SymbolGridTests.xctest; sourceTree = BUILT_PRODUCTS_DIR; };
		778C78552C0A4658000CDC92 /* SymbolGridUITests.xctest */ = {isa = PBXFileReference; explicitFileType = wrapper.cfbundle; includeInIndex = 0; path = SymbolGridUITests.xctest; sourceTree = BUILT_PRODUCTS_DIR; };
		8B21B7382C224F07008A0518 /* Search.appex */ = {isa = PBXFileReference; explicitFileType = "wrapper.app-extension"; includeInIndex = 0; path = Search.appex; sourceTree = BUILT_PRODUCTS_DIR; };
/* End PBXFileReference section */

/* Begin PBXFileSystemSynchronizedBuildFileExceptionSet section */
		5CD9FDBD2CA76E0700248FDF /* PBXFileSystemSynchronizedBuildFileExceptionSet */ = {
			isa = PBXFileSystemSynchronizedBuildFileExceptionSet;
			membershipExceptions = (
				Search.swift,
			);
			target = 8B21B7372C224F07008A0518 /* Search */;
		};
		5CD9FE1A2CA7700E00248FDF /* PBXFileSystemSynchronizedBuildFileExceptionSet */ = {
			isa = PBXFileSystemSynchronizedBuildFileExceptionSet;
			membershipExceptions = (
				Shared/Info.plist,
			);
			target = 778C783A2C0A4656000CDC92 /* SymbolGrid */;
		};
/* End PBXFileSystemSynchronizedBuildFileExceptionSet section */

/* Begin PBXFileSystemSynchronizedRootGroup section */
		5CD9FDB12CA76E0100248FDF /* SymbolGridTests */ = {isa = PBXFileSystemSynchronizedRootGroup; explicitFileTypes = {}; explicitFolders = (); path = SymbolGridTests; sourceTree = "<group>"; };
		5CD9FDB52CA76E0500248FDF /* SymbolGridUITests */ = {isa = PBXFileSystemSynchronizedRootGroup; explicitFileTypes = {}; explicitFolders = (); path = SymbolGridUITests; sourceTree = "<group>"; };
		5CD9FDBB2CA76E0600248FDF /* SymbolGridSearch */ = {isa = PBXFileSystemSynchronizedRootGroup; exceptions = (5CD9FDBD2CA76E0700248FDF /* PBXFileSystemSynchronizedBuildFileExceptionSet */, ); explicitFileTypes = {}; explicitFolders = (); path = SymbolGridSearch; sourceTree = "<group>"; };
		5CD9FDEC2CA76F9300248FDF /* SymbolGrid */ = {isa = PBXFileSystemSynchronizedRootGroup; exceptions = (5CD9FE1A2CA7700E00248FDF /* PBXFileSystemSynchronizedBuildFileExceptionSet */, ); explicitFileTypes = {}; explicitFolders = (); path = SymbolGrid; sourceTree = "<group>"; };
		5CD9FE2B2CA77E9500248FDF /* Configurations */ = {isa = PBXFileSystemSynchronizedRootGroup; explicitFileTypes = {}; explicitFolders = (); path = Configurations; sourceTree = "<group>"; };
/* End PBXFileSystemSynchronizedRootGroup section */

/* Begin PBXFrameworksBuildPhase section */
		778C78382C0A4656000CDC92 /* Frameworks */ = {
			isa = PBXFrameworksBuildPhase;
			buildActionMask = 2147483647;
			files = (
				7783DB8D2C2B606F00F993E3 /* Design in Frameworks */,
				775651C02C10E9190013B34B /* SFSymbolKit in Frameworks */,
				5CD9FF242CAADF1500248FDF /* Splash in Frameworks */,
			);
			runOnlyForDeploymentPostprocessing = 0;
		};
		778C78482C0A4658000CDC92 /* Frameworks */ = {
			isa = PBXFrameworksBuildPhase;
			buildActionMask = 2147483647;
			files = (
			);
			runOnlyForDeploymentPostprocessing = 0;
		};
		778C78522C0A4658000CDC92 /* Frameworks */ = {
			isa = PBXFrameworksBuildPhase;
			buildActionMask = 2147483647;
			files = (
			);
			runOnlyForDeploymentPostprocessing = 0;
		};
		8B21B7352C224F07008A0518 /* Frameworks */ = {
			isa = PBXFrameworksBuildPhase;
			buildActionMask = 2147483647;
			files = (
			);
			runOnlyForDeploymentPostprocessing = 0;
		};
/* End PBXFrameworksBuildPhase section */

/* Begin PBXGroup section */
		778C78322C0A4656000CDC92 = {
			isa = PBXGroup;
			children = (
				5CD9FE2B2CA77E9500248FDF /* Configurations */,
				5CD9FE212CA7794000248FDF /* README.md */,
				5CD9FE252CA77C4B00248FDF /* .gitignore */,
				5CD9FE272CA77C9D00248FDF /* .swiftlint.yml */,
				5CD9FE232CA77C0B00248FDF /* LICENSE */,
				5CD9FE1F2CA778A200248FDF /* SymbolGrid.xcconfig.template */,
				5CD9FE1D2CA7751800248FDF /* Contributing.md */,
				5CD9FDEC2CA76F9300248FDF /* SymbolGrid */,
				5CD9FDB12CA76E0100248FDF /* SymbolGridTests */,
				5CD9FDB52CA76E0500248FDF /* SymbolGridUITests */,
				5CD9FDBB2CA76E0600248FDF /* SymbolGridSearch */,
				778C783C2C0A4656000CDC92 /* Products */,
			);
			sourceTree = "<group>";
		};
		778C783C2C0A4656000CDC92 /* Products */ = {
			isa = PBXGroup;
			children = (
				778C783B2C0A4656000CDC92 /* SymbolGrid.app */,
				778C784B2C0A4658000CDC92 /* SymbolGridTests.xctest */,
				778C78552C0A4658000CDC92 /* SymbolGridUITests.xctest */,
				8B21B7382C224F07008A0518 /* Search.appex */,
			);
			name = Products;
			sourceTree = "<group>";
		};
/* End PBXGroup section */

/* Begin PBXNativeTarget section */
		778C783A2C0A4656000CDC92 /* SymbolGrid */ = {
			isa = PBXNativeTarget;
			buildConfigurationList = 778C785F2C0A4658000CDC92 /* Build configuration list for PBXNativeTarget "SymbolGrid" */;
			buildPhases = (
				778C78372C0A4656000CDC92 /* Sources */,
				778C78382C0A4656000CDC92 /* Frameworks */,
				778C78392C0A4656000CDC92 /* Resources */,
				8B5F6EDA2C22427200D47611 /* Embed Foundation Extensions */,
			);
			buildRules = (
			);
			dependencies = (
				8B21B73E2C224F07008A0518 /* PBXTargetDependency */,
			);
			fileSystemSynchronizedGroups = (
				5CD9FDEC2CA76F9300248FDF /* SymbolGrid */,
				5CD9FE2B2CA77E9500248FDF /* Configurations */,
			);
			name = SymbolGrid;
			packageProductDependencies = (
				775651BF2C10E9190013B34B /* SFSymbolKit */,
				7783DB8C2C2B606F00F993E3 /* Design */,
				5CD9FF232CAADF1500248FDF /* Splash */,
			);
			productName = SymbolGrid;
			productReference = 778C783B2C0A4656000CDC92 /* SymbolGrid.app */;
			productType = "com.apple.product-type.application";
		};
		778C784A2C0A4658000CDC92 /* SymbolGridTests */ = {
			isa = PBXNativeTarget;
			buildConfigurationList = 778C78622C0A4658000CDC92 /* Build configuration list for PBXNativeTarget "SymbolGridTests" */;
			buildPhases = (
				778C78472C0A4658000CDC92 /* Sources */,
				778C78482C0A4658000CDC92 /* Frameworks */,
				778C78492C0A4658000CDC92 /* Resources */,
			);
			buildRules = (
			);
			dependencies = (
				778C784D2C0A4658000CDC92 /* PBXTargetDependency */,
			);
			fileSystemSynchronizedGroups = (
				5CD9FDB12CA76E0100248FDF /* SymbolGridTests */,
			);
			name = SymbolGridTests;
			productName = SymbolGridTests;
			productReference = 778C784B2C0A4658000CDC92 /* SymbolGridTests.xctest */;
			productType = "com.apple.product-type.bundle.unit-test";
		};
		778C78542C0A4658000CDC92 /* SymbolGridUITests */ = {
			isa = PBXNativeTarget;
			buildConfigurationList = 778C78652C0A4658000CDC92 /* Build configuration list for PBXNativeTarget "SymbolGridUITests" */;
			buildPhases = (
				778C78512C0A4658000CDC92 /* Sources */,
				778C78522C0A4658000CDC92 /* Frameworks */,
				778C78532C0A4658000CDC92 /* Resources */,
			);
			buildRules = (
			);
			dependencies = (
				778C78572C0A4658000CDC92 /* PBXTargetDependency */,
			);
			fileSystemSynchronizedGroups = (
				5CD9FDB52CA76E0500248FDF /* SymbolGridUITests */,
			);
			name = SymbolGridUITests;
			productName = SymbolGridUITests;
			productReference = 778C78552C0A4658000CDC92 /* SymbolGridUITests.xctest */;
			productType = "com.apple.product-type.bundle.ui-testing";
		};
		8B21B7372C224F07008A0518 /* Search */ = {
			isa = PBXNativeTarget;
			buildConfigurationList = 8B21B7402C224F07008A0518 /* Build configuration list for PBXNativeTarget "Search" */;
			buildPhases = (
				8B21B7342C224F07008A0518 /* Sources */,
				8B21B7352C224F07008A0518 /* Frameworks */,
				8B21B7362C224F07008A0518 /* Resources */,
			);
			buildRules = (
			);
			dependencies = (
			);
			name = Search;
			productName = Search;
			productReference = 8B21B7382C224F07008A0518 /* Search.appex */;
			productType = "com.apple.product-type.app-extension";
		};
/* End PBXNativeTarget section */

/* Begin PBXProject section */
		778C78332C0A4656000CDC92 /* Project object */ = {
			isa = PBXProject;
			attributes = {
				BuildIndependentTargetsInParallel = 1;
				LastSwiftUpdateCheck = 1600;
				LastUpgradeCheck = 1600;
				TargetAttributes = {
					778C783A2C0A4656000CDC92 = {
						CreatedOnToolsVersion = 15.4;
					};
					778C784A2C0A4658000CDC92 = {
						CreatedOnToolsVersion = 15.4;
						TestTargetID = 778C783A2C0A4656000CDC92;
					};
					778C78542C0A4658000CDC92 = {
						CreatedOnToolsVersion = 15.4;
						TestTargetID = 778C783A2C0A4656000CDC92;
					};
					8B21B7372C224F07008A0518 = {
						CreatedOnToolsVersion = 16.0;
					};
				};
			};
			buildConfigurationList = 778C78362C0A4656000CDC92 /* Build configuration list for PBXProject "SymbolGrid" */;
			compatibilityVersion = "Xcode 14.0";
			developmentRegion = en;
			hasScannedForEncodings = 0;
			knownRegions = (
				en,
				Base,
				es,
				"en-GB",
				hi,
				de,
			);
			mainGroup = 778C78322C0A4656000CDC92;
			packageReferences = (
				775651BE2C10E9190013B34B /* XCRemoteSwiftPackageReference "SFSymbolKit" */,
				77D2BD4A2C2B59720020B42B /* XCRemoteSwiftPackageReference "Design" */,
				5CD9FF222CAADF1500248FDF /* XCRemoteSwiftPackageReference "Splash" */,
			);
			productRefGroup = 778C783C2C0A4656000CDC92 /* Products */;
			projectDirPath = "";
			projectRoot = "";
			targets = (
				778C783A2C0A4656000CDC92 /* SymbolGrid */,
				778C784A2C0A4658000CDC92 /* SymbolGridTests */,
				778C78542C0A4658000CDC92 /* SymbolGridUITests */,
				8B21B7372C224F07008A0518 /* Search */,
			);
		};
/* End PBXProject section */

/* Begin PBXResourcesBuildPhase section */
		778C78392C0A4656000CDC92 /* Resources */ = {
			isa = PBXResourcesBuildPhase;
			buildActionMask = 2147483647;
			files = (
				5CD9FE282CA77C9D00248FDF /* .swiftlint.yml in Resources */,
				5CD9FE1E2CA7751800248FDF /* Contributing.md in Resources */,
				5CD9FE242CA77C0B00248FDF /* LICENSE in Resources */,
				5CD9FE202CA778A200248FDF /* SymbolGrid.xcconfig.template in Resources */,
				5CD9FE262CA77C4B00248FDF /* .gitignore in Resources */,
				5CD9FE222CA7794000248FDF /* README.md in Resources */,
			);
			runOnlyForDeploymentPostprocessing = 0;
		};
		778C78492C0A4658000CDC92 /* Resources */ = {
			isa = PBXResourcesBuildPhase;
			buildActionMask = 2147483647;
			files = (
			);
			runOnlyForDeploymentPostprocessing = 0;
		};
		778C78532C0A4658000CDC92 /* Resources */ = {
			isa = PBXResourcesBuildPhase;
			buildActionMask = 2147483647;
			files = (
			);
			runOnlyForDeploymentPostprocessing = 0;
		};
		8B21B7362C224F07008A0518 /* Resources */ = {
			isa = PBXResourcesBuildPhase;
			buildActionMask = 2147483647;
			files = (
			);
			runOnlyForDeploymentPostprocessing = 0;
		};
/* End PBXResourcesBuildPhase section */

/* Begin PBXSourcesBuildPhase section */
		778C78372C0A4656000CDC92 /* Sources */ = {
			isa = PBXSourcesBuildPhase;
			buildActionMask = 2147483647;
			files = (
			);
			runOnlyForDeploymentPostprocessing = 0;
		};
		778C78472C0A4658000CDC92 /* Sources */ = {
			isa = PBXSourcesBuildPhase;
			buildActionMask = 2147483647;
			files = (
			);
			runOnlyForDeploymentPostprocessing = 0;
		};
		778C78512C0A4658000CDC92 /* Sources */ = {
			isa = PBXSourcesBuildPhase;
			buildActionMask = 2147483647;
			files = (
			);
			runOnlyForDeploymentPostprocessing = 0;
		};
		8B21B7342C224F07008A0518 /* Sources */ = {
			isa = PBXSourcesBuildPhase;
			buildActionMask = 2147483647;
			files = (
			);
			runOnlyForDeploymentPostprocessing = 0;
		};
/* End PBXSourcesBuildPhase section */

/* Begin PBXTargetDependency section */
		778C784D2C0A4658000CDC92 /* PBXTargetDependency */ = {
			isa = PBXTargetDependency;
			target = 778C783A2C0A4656000CDC92 /* SymbolGrid */;
			targetProxy = 778C784C2C0A4658000CDC92 /* PBXContainerItemProxy */;
		};
		778C78572C0A4658000CDC92 /* PBXTargetDependency */ = {
			isa = PBXTargetDependency;
			target = 778C783A2C0A4656000CDC92 /* SymbolGrid */;
			targetProxy = 778C78562C0A4658000CDC92 /* PBXContainerItemProxy */;
		};
		8B21B73E2C224F07008A0518 /* PBXTargetDependency */ = {
			isa = PBXTargetDependency;
			target = 8B21B7372C224F07008A0518 /* Search */;
			targetProxy = 8B21B73D2C224F07008A0518 /* PBXContainerItemProxy */;
		};
/* End PBXTargetDependency section */

/* Begin XCBuildConfiguration section */
		778C785D2C0A4658000CDC92 /* Debug */ = {
			isa = XCBuildConfiguration;
			buildSettings = {
				ALWAYS_SEARCH_USER_PATHS = NO;
				ASSETCATALOG_COMPILER_GENERATE_SWIFT_ASSET_SYMBOL_EXTENSIONS = YES;
				CLANG_ANALYZER_NONNULL = YES;
				CLANG_ANALYZER_NUMBER_OBJECT_CONVERSION = YES_AGGRESSIVE;
				CLANG_CXX_LANGUAGE_STANDARD = "gnu++20";
				CLANG_ENABLE_MODULES = YES;
				CLANG_ENABLE_OBJC_ARC = YES;
				CLANG_ENABLE_OBJC_WEAK = YES;
				CLANG_WARN_BLOCK_CAPTURE_AUTORELEASING = YES;
				CLANG_WARN_BOOL_CONVERSION = YES;
				CLANG_WARN_COMMA = YES;
				CLANG_WARN_CONSTANT_CONVERSION = YES;
				CLANG_WARN_DEPRECATED_OBJC_IMPLEMENTATIONS = YES;
				CLANG_WARN_DIRECT_OBJC_ISA_USAGE = YES_ERROR;
				CLANG_WARN_DOCUMENTATION_COMMENTS = YES;
				CLANG_WARN_EMPTY_BODY = YES;
				CLANG_WARN_ENUM_CONVERSION = YES;
				CLANG_WARN_INFINITE_RECURSION = YES;
				CLANG_WARN_INT_CONVERSION = YES;
				CLANG_WARN_NON_LITERAL_NULL_CONVERSION = YES;
				CLANG_WARN_OBJC_IMPLICIT_RETAIN_SELF = YES;
				CLANG_WARN_OBJC_LITERAL_CONVERSION = YES;
				CLANG_WARN_OBJC_ROOT_CLASS = YES_ERROR;
				CLANG_WARN_QUOTED_INCLUDE_IN_FRAMEWORK_HEADER = YES;
				CLANG_WARN_RANGE_LOOP_ANALYSIS = YES;
				CLANG_WARN_STRICT_PROTOTYPES = YES;
				CLANG_WARN_SUSPICIOUS_MOVE = YES;
				CLANG_WARN_UNGUARDED_AVAILABILITY = YES_AGGRESSIVE;
				CLANG_WARN_UNREACHABLE_CODE = YES;
				CLANG_WARN__DUPLICATE_METHOD_MATCH = YES;
				COPY_PHASE_STRIP = NO;
				DEBUG_INFORMATION_FORMAT = dwarf;
				ENABLE_STRICT_OBJC_MSGSEND = YES;
				ENABLE_TESTABILITY = YES;
				ENABLE_USER_SCRIPT_SANDBOXING = YES;
				GCC_C_LANGUAGE_STANDARD = gnu17;
				GCC_DYNAMIC_NO_PIC = NO;
				GCC_NO_COMMON_BLOCKS = YES;
				GCC_OPTIMIZATION_LEVEL = 0;
				GCC_PREPROCESSOR_DEFINITIONS = (
					"DEBUG=1",
					"$(inherited)",
				);
				GCC_WARN_64_TO_32_BIT_CONVERSION = YES;
				GCC_WARN_ABOUT_RETURN_TYPE = YES_ERROR;
				GCC_WARN_UNDECLARED_SELECTOR = YES;
				GCC_WARN_UNINITIALIZED_AUTOS = YES_AGGRESSIVE;
				GCC_WARN_UNUSED_FUNCTION = YES;
				GCC_WARN_UNUSED_VARIABLE = YES;
				IPHONEOS_DEPLOYMENT_TARGET = 17.5;
				LOCALIZATION_PREFERS_STRING_CATALOGS = YES;
				MACOSX_DEPLOYMENT_TARGET = 14.5;
				MTL_ENABLE_DEBUG_INFO = INCLUDE_SOURCE;
				MTL_FAST_MATH = YES;
				ONLY_ACTIVE_ARCH = YES;
				SDKROOT = iphoneos;
				SWIFT_ACTIVE_COMPILATION_CONDITIONS = "DEBUG $(inherited)";
				SWIFT_EMIT_LOC_STRINGS = YES;
				SWIFT_OPTIMIZATION_LEVEL = "-Onone";
			};
			name = Debug;
		};
		778C785E2C0A4658000CDC92 /* Release */ = {
			isa = XCBuildConfiguration;
			buildSettings = {
				ALWAYS_SEARCH_USER_PATHS = NO;
				ASSETCATALOG_COMPILER_GENERATE_SWIFT_ASSET_SYMBOL_EXTENSIONS = YES;
				CLANG_ANALYZER_NONNULL = YES;
				CLANG_ANALYZER_NUMBER_OBJECT_CONVERSION = YES_AGGRESSIVE;
				CLANG_CXX_LANGUAGE_STANDARD = "gnu++20";
				CLANG_ENABLE_MODULES = YES;
				CLANG_ENABLE_OBJC_ARC = YES;
				CLANG_ENABLE_OBJC_WEAK = YES;
				CLANG_WARN_BLOCK_CAPTURE_AUTORELEASING = YES;
				CLANG_WARN_BOOL_CONVERSION = YES;
				CLANG_WARN_COMMA = YES;
				CLANG_WARN_CONSTANT_CONVERSION = YES;
				CLANG_WARN_DEPRECATED_OBJC_IMPLEMENTATIONS = YES;
				CLANG_WARN_DIRECT_OBJC_ISA_USAGE = YES_ERROR;
				CLANG_WARN_DOCUMENTATION_COMMENTS = YES;
				CLANG_WARN_EMPTY_BODY = YES;
				CLANG_WARN_ENUM_CONVERSION = YES;
				CLANG_WARN_INFINITE_RECURSION = YES;
				CLANG_WARN_INT_CONVERSION = YES;
				CLANG_WARN_NON_LITERAL_NULL_CONVERSION = YES;
				CLANG_WARN_OBJC_IMPLICIT_RETAIN_SELF = YES;
				CLANG_WARN_OBJC_LITERAL_CONVERSION = YES;
				CLANG_WARN_OBJC_ROOT_CLASS = YES_ERROR;
				CLANG_WARN_QUOTED_INCLUDE_IN_FRAMEWORK_HEADER = YES;
				CLANG_WARN_RANGE_LOOP_ANALYSIS = YES;
				CLANG_WARN_STRICT_PROTOTYPES = YES;
				CLANG_WARN_SUSPICIOUS_MOVE = YES;
				CLANG_WARN_UNGUARDED_AVAILABILITY = YES_AGGRESSIVE;
				CLANG_WARN_UNREACHABLE_CODE = YES;
				CLANG_WARN__DUPLICATE_METHOD_MATCH = YES;
				COPY_PHASE_STRIP = NO;
				DEBUG_INFORMATION_FORMAT = "dwarf-with-dsym";
				ENABLE_NS_ASSERTIONS = NO;
				ENABLE_STRICT_OBJC_MSGSEND = YES;
				ENABLE_USER_SCRIPT_SANDBOXING = YES;
				GCC_C_LANGUAGE_STANDARD = gnu17;
				GCC_NO_COMMON_BLOCKS = YES;
				GCC_WARN_64_TO_32_BIT_CONVERSION = YES;
				GCC_WARN_ABOUT_RETURN_TYPE = YES_ERROR;
				GCC_WARN_UNDECLARED_SELECTOR = YES;
				GCC_WARN_UNINITIALIZED_AUTOS = YES_AGGRESSIVE;
				GCC_WARN_UNUSED_FUNCTION = YES;
				GCC_WARN_UNUSED_VARIABLE = YES;
				IPHONEOS_DEPLOYMENT_TARGET = 17.5;
				LOCALIZATION_PREFERS_STRING_CATALOGS = YES;
				MACOSX_DEPLOYMENT_TARGET = 14.5;
				MTL_ENABLE_DEBUG_INFO = NO;
				MTL_FAST_MATH = YES;
				SDKROOT = iphoneos;
				SWIFT_COMPILATION_MODE = wholemodule;
				SWIFT_EMIT_LOC_STRINGS = YES;
				VALIDATE_PRODUCT = YES;
			};
			name = Release;
		};
		778C78602C0A4658000CDC92 /* Debug */ = {
			isa = XCBuildConfiguration;
			buildSettings = {
				ALLOW_TARGET_PLATFORM_SPECIALIZATION = YES;
				ASSETCATALOG_COMPILER_APPICON_NAME = AppIcon;
				ASSETCATALOG_COMPILER_GLOBAL_ACCENT_COLOR_NAME = AccentColor;
				CODE_SIGN_ENTITLEMENTS = SymbolGrid/SymbolGrid.entitlements;
				CODE_SIGN_STYLE = Automatic;
				CURRENT_PROJECT_VERSION = 1;
				DEVELOPMENT_ASSET_PATHS = "\"SymbolGrid/Shared/Preview Content\"";
				DEVELOPMENT_TEAM = 2MP8QWK7R6;
				"ENABLE_HARDENED_RUNTIME[sdk=macosx*]" = YES;
				ENABLE_PREVIEWS = YES;
				GENERATE_INFOPLIST_FILE = YES;
				INFOPLIST_FILE = SymbolGrid/Shared/Info.plist;
				INFOPLIST_KEY_CFBundleDisplayName = SymbolGrid;
				INFOPLIST_KEY_LSApplicationCategoryType = "public.app-category.developer-tools";
				INFOPLIST_KEY_UIApplicationSceneManifest_Generation = YES;
				INFOPLIST_KEY_UIApplicationSupportsIndirectInputEvents = YES;
				INFOPLIST_KEY_UILaunchScreen_Generation = YES;
				INFOPLIST_KEY_UISupportedInterfaceOrientations_iPad = "UIInterfaceOrientationPortrait UIInterfaceOrientationPortraitUpsideDown UIInterfaceOrientationLandscapeLeft UIInterfaceOrientationLandscapeRight";
				INFOPLIST_KEY_UISupportedInterfaceOrientations_iPhone = "UIInterfaceOrientationPortrait UIInterfaceOrientationLandscapeLeft UIInterfaceOrientationLandscapeRight";
				IPHONEOS_DEPLOYMENT_TARGET = 18.0;
				LD_RUNPATH_SEARCH_PATHS = (
					"$(inherited)",
					"@executable_path/Frameworks",
				);
				MACOSX_DEPLOYMENT_TARGET = 15.0;
				MARKETING_VERSION = 3.5.3;
				PRODUCT_BUNDLE_IDENTIFIER = com.alexandrefamilyfarm.symbols;
				PRODUCT_NAME = "$(TARGET_NAME)";
				REGISTER_APP_GROUPS = YES;
				SUPPORTED_PLATFORMS = "iphoneos iphonesimulator macosx";
				SUPPORTS_MACCATALYST = NO;
				SUPPORTS_MAC_DESIGNED_FOR_IPHONE_IPAD = NO;
				SUPPORTS_XR_DESIGNED_FOR_IPHONE_IPAD = YES;
				SWIFT_EMIT_LOC_STRINGS = YES;
				SWIFT_VERSION = 6.0;
				TARGETED_DEVICE_FAMILY = "1,2";
				XROS_DEPLOYMENT_TARGET = "$(RECOMMENDED_XROS_DEPLOYMENT_TARGET)";
			};
			name = Debug;
		};
		778C78612C0A4658000CDC92 /* Release */ = {
			isa = XCBuildConfiguration;
			buildSettings = {
				ALLOW_TARGET_PLATFORM_SPECIALIZATION = YES;
				ASSETCATALOG_COMPILER_APPICON_NAME = AppIcon;
				ASSETCATALOG_COMPILER_GLOBAL_ACCENT_COLOR_NAME = AccentColor;
				CODE_SIGN_ENTITLEMENTS = SymbolGrid/SymbolGrid.entitlements;
				CODE_SIGN_STYLE = Automatic;
				CURRENT_PROJECT_VERSION = 1;
				DEVELOPMENT_ASSET_PATHS = "\"SymbolGrid/Shared/Preview Content\"";
				DEVELOPMENT_TEAM = 2MP8QWK7R6;
				"ENABLE_HARDENED_RUNTIME[sdk=macosx*]" = YES;
				ENABLE_PREVIEWS = YES;
				GENERATE_INFOPLIST_FILE = YES;
				INFOPLIST_FILE = SymbolGrid/Shared/Info.plist;
				INFOPLIST_KEY_CFBundleDisplayName = SymbolGrid;
				INFOPLIST_KEY_LSApplicationCategoryType = "public.app-category.developer-tools";
				INFOPLIST_KEY_UIApplicationSceneManifest_Generation = YES;
				INFOPLIST_KEY_UIApplicationSupportsIndirectInputEvents = YES;
				INFOPLIST_KEY_UILaunchScreen_Generation = YES;
				INFOPLIST_KEY_UISupportedInterfaceOrientations_iPad = "UIInterfaceOrientationPortrait UIInterfaceOrientationPortraitUpsideDown UIInterfaceOrientationLandscapeLeft UIInterfaceOrientationLandscapeRight";
				INFOPLIST_KEY_UISupportedInterfaceOrientations_iPhone = "UIInterfaceOrientationPortrait UIInterfaceOrientationLandscapeLeft UIInterfaceOrientationLandscapeRight";
				IPHONEOS_DEPLOYMENT_TARGET = 18.0;
				LD_RUNPATH_SEARCH_PATHS = (
					"$(inherited)",
					"@executable_path/Frameworks",
				);
				MACOSX_DEPLOYMENT_TARGET = 15.0;
				MARKETING_VERSION = 3.5.3;
				PRODUCT_BUNDLE_IDENTIFIER = com.alexandrefamilyfarm.symbols;
				PRODUCT_NAME = "$(TARGET_NAME)";
				REGISTER_APP_GROUPS = YES;
				SUPPORTED_PLATFORMS = "iphoneos iphonesimulator macosx";
				SUPPORTS_MACCATALYST = NO;
				SUPPORTS_MAC_DESIGNED_FOR_IPHONE_IPAD = NO;
				SUPPORTS_XR_DESIGNED_FOR_IPHONE_IPAD = YES;
				SWIFT_EMIT_LOC_STRINGS = YES;
				SWIFT_VERSION = 6.0;
				TARGETED_DEVICE_FAMILY = "1,2";
				XROS_DEPLOYMENT_TARGET = "$(RECOMMENDED_XROS_DEPLOYMENT_TARGET)";
			};
			name = Release;
		};
		778C78632C0A4658000CDC92 /* Debug */ = {
			isa = XCBuildConfiguration;
			buildSettings = {
				BUNDLE_LOADER = "$(TEST_HOST)";
				CODE_SIGN_STYLE = Automatic;
				CURRENT_PROJECT_VERSION = 1;
				DEVELOPMENT_TEAM = 2MP8QWK7R6;
				GENERATE_INFOPLIST_FILE = YES;
				IPHONEOS_DEPLOYMENT_TARGET = 18.0;
				MACOSX_DEPLOYMENT_TARGET = 15.0;
				MARKETING_VERSION = 1.0;
				PRODUCT_BUNDLE_IDENTIFIER = com.alexandrefamilyfarm.SymbolGridTests;
				PRODUCT_NAME = "$(TARGET_NAME)";
				REGISTER_APP_GROUPS = YES;
				SUPPORTED_PLATFORMS = "iphoneos iphonesimulator macosx";
				SUPPORTS_MACCATALYST = NO;
				SUPPORTS_MAC_DESIGNED_FOR_IPHONE_IPAD = NO;
				SWIFT_EMIT_LOC_STRINGS = NO;
				SWIFT_VERSION = 5.0;
				TARGETED_DEVICE_FAMILY = "1,2";
				TEST_HOST = "$(BUILT_PRODUCTS_DIR)/SymbolGrid.app/$(BUNDLE_EXECUTABLE_FOLDER_PATH)/SymbolGrid";
			};
			name = Debug;
		};
		778C78642C0A4658000CDC92 /* Release */ = {
			isa = XCBuildConfiguration;
			buildSettings = {
				BUNDLE_LOADER = "$(TEST_HOST)";
				CODE_SIGN_STYLE = Automatic;
				CURRENT_PROJECT_VERSION = 1;
				DEVELOPMENT_TEAM = 2MP8QWK7R6;
				GENERATE_INFOPLIST_FILE = YES;
				IPHONEOS_DEPLOYMENT_TARGET = 18.0;
				MACOSX_DEPLOYMENT_TARGET = 15.0;
				MARKETING_VERSION = 1.0;
				PRODUCT_BUNDLE_IDENTIFIER = com.alexandrefamilyfarm.SymbolGridTests;
				PRODUCT_NAME = "$(TARGET_NAME)";
				REGISTER_APP_GROUPS = YES;
				SUPPORTED_PLATFORMS = "iphoneos iphonesimulator macosx";
				SUPPORTS_MACCATALYST = NO;
				SUPPORTS_MAC_DESIGNED_FOR_IPHONE_IPAD = NO;
				SWIFT_EMIT_LOC_STRINGS = NO;
				SWIFT_VERSION = 5.0;
				TARGETED_DEVICE_FAMILY = "1,2";
				TEST_HOST = "$(BUILT_PRODUCTS_DIR)/SymbolGrid.app/$(BUNDLE_EXECUTABLE_FOLDER_PATH)/SymbolGrid";
			};
			name = Release;
		};
		778C78662C0A4658000CDC92 /* Debug */ = {
			isa = XCBuildConfiguration;
			buildSettings = {
				CODE_SIGN_STYLE = Automatic;
				CURRENT_PROJECT_VERSION = 1;
				DEVELOPMENT_TEAM = 2MP8QWK7R6;
				GENERATE_INFOPLIST_FILE = YES;
				IPHONEOS_DEPLOYMENT_TARGET = 18.0;
				MACOSX_DEPLOYMENT_TARGET = 15.0;
				MARKETING_VERSION = 1.0;
				PRODUCT_BUNDLE_IDENTIFIER = com.alexandrefamilyfarm.SymbolGridUITests;
				PRODUCT_NAME = "$(TARGET_NAME)";
				REGISTER_APP_GROUPS = YES;
				SUPPORTED_PLATFORMS = "iphoneos iphonesimulator macosx";
				SUPPORTS_MACCATALYST = NO;
				SUPPORTS_MAC_DESIGNED_FOR_IPHONE_IPAD = NO;
				SWIFT_EMIT_LOC_STRINGS = NO;
				SWIFT_VERSION = 5.0;
				TARGETED_DEVICE_FAMILY = "1,2";
				TEST_TARGET_NAME = SymbolGrid;
			};
			name = Debug;
		};
		778C78672C0A4658000CDC92 /* Release */ = {
			isa = XCBuildConfiguration;
			buildSettings = {
				CODE_SIGN_STYLE = Automatic;
				CURRENT_PROJECT_VERSION = 1;
				DEVELOPMENT_TEAM = 2MP8QWK7R6;
				GENERATE_INFOPLIST_FILE = YES;
				IPHONEOS_DEPLOYMENT_TARGET = 18.0;
				MACOSX_DEPLOYMENT_TARGET = 15.0;
				MARKETING_VERSION = 1.0;
				PRODUCT_BUNDLE_IDENTIFIER = com.alexandrefamilyfarm.SymbolGridUITests;
				PRODUCT_NAME = "$(TARGET_NAME)";
				REGISTER_APP_GROUPS = YES;
				SUPPORTED_PLATFORMS = "iphoneos iphonesimulator macosx";
				SUPPORTS_MACCATALYST = NO;
				SUPPORTS_MAC_DESIGNED_FOR_IPHONE_IPAD = NO;
				SWIFT_EMIT_LOC_STRINGS = NO;
				SWIFT_VERSION = 5.0;
				TARGETED_DEVICE_FAMILY = "1,2";
				TEST_TARGET_NAME = SymbolGrid;
			};
			name = Release;
		};
		8B21B7412C224F07008A0518 /* Debug */ = {
			isa = XCBuildConfiguration;
			buildSettings = {
				CODE_SIGN_ENTITLEMENTS = SymbolGridSearch/Search.entitlements;
				CODE_SIGN_STYLE = Automatic;
				CURRENT_PROJECT_VERSION = 1;
				DEVELOPMENT_TEAM = 2MP8QWK7R6;
				ENABLE_HARDENED_RUNTIME = YES;
				GENERATE_INFOPLIST_FILE = YES;
				INFOPLIST_FILE = SymbolGridSearch/Info.plist;
				INFOPLIST_KEY_CFBundleDisplayName = Search;
				INFOPLIST_KEY_NSHumanReadableCopyright = "";
				IPHONEOS_DEPLOYMENT_TARGET = 18.0;
				LD_RUNPATH_SEARCH_PATHS = (
					"$(inherited)",
					"@executable_path/Frameworks",
					"@executable_path/../../Frameworks",
				);
				MACOSX_DEPLOYMENT_TARGET = 15.0;
				MARKETING_VERSION = 3.5.3;
				PRODUCT_BUNDLE_IDENTIFIER = com.alexandrefamilyfarm.symbols.Search;
				PRODUCT_NAME = "$(TARGET_NAME)";
				REGISTER_APP_GROUPS = YES;
				SKIP_INSTALL = YES;
				SUPPORTED_PLATFORMS = "iphoneos iphonesimulator macosx";
				SUPPORTS_MACCATALYST = NO;
				SUPPORTS_MAC_DESIGNED_FOR_IPHONE_IPAD = NO;
				SWIFT_EMIT_LOC_STRINGS = YES;
				SWIFT_VERSION = 5.0;
				TARGETED_DEVICE_FAMILY = "1,2";
			};
			name = Debug;
		};
		8B21B7422C224F07008A0518 /* Release */ = {
			isa = XCBuildConfiguration;
			buildSettings = {
				CODE_SIGN_ENTITLEMENTS = SymbolGridSearch/Search.entitlements;
				CODE_SIGN_STYLE = Automatic;
				CURRENT_PROJECT_VERSION = 1;
				DEVELOPMENT_TEAM = 2MP8QWK7R6;
				ENABLE_HARDENED_RUNTIME = YES;
				GENERATE_INFOPLIST_FILE = YES;
				INFOPLIST_FILE = SymbolGridSearch/Info.plist;
				INFOPLIST_KEY_CFBundleDisplayName = Search;
				INFOPLIST_KEY_NSHumanReadableCopyright = "";
				IPHONEOS_DEPLOYMENT_TARGET = 18.0;
				LD_RUNPATH_SEARCH_PATHS = (
					"$(inherited)",
					"@executable_path/Frameworks",
					"@executable_path/../../Frameworks",
				);
				MACOSX_DEPLOYMENT_TARGET = 15.0;
				MARKETING_VERSION = 3.5.3;
				PRODUCT_BUNDLE_IDENTIFIER = com.alexandrefamilyfarm.symbols.Search;
				PRODUCT_NAME = "$(TARGET_NAME)";
				REGISTER_APP_GROUPS = YES;
				SKIP_INSTALL = YES;
				SUPPORTED_PLATFORMS = "iphoneos iphonesimulator macosx";
				SUPPORTS_MACCATALYST = NO;
				SUPPORTS_MAC_DESIGNED_FOR_IPHONE_IPAD = NO;
				SWIFT_EMIT_LOC_STRINGS = YES;
				SWIFT_VERSION = 5.0;
				TARGETED_DEVICE_FAMILY = "1,2";
			};
			name = Release;
		};
/* End XCBuildConfiguration section */

/* Begin XCConfigurationList section */
		778C78362C0A4656000CDC92 /* Build configuration list for PBXProject "SymbolGrid" */ = {
			isa = XCConfigurationList;
			buildConfigurations = (
				778C785D2C0A4658000CDC92 /* Debug */,
				778C785E2C0A4658000CDC92 /* Release */,
			);
			defaultConfigurationIsVisible = 0;
			defaultConfigurationName = Release;
		};
		778C785F2C0A4658000CDC92 /* Build configuration list for PBXNativeTarget "SymbolGrid" */ = {
			isa = XCConfigurationList;
			buildConfigurations = (
				778C78602C0A4658000CDC92 /* Debug */,
				778C78612C0A4658000CDC92 /* Release */,
			);
			defaultConfigurationIsVisible = 0;
			defaultConfigurationName = Release;
		};
		778C78622C0A4658000CDC92 /* Build configuration list for PBXNativeTarget "SymbolGridTests" */ = {
			isa = XCConfigurationList;
			buildConfigurations = (
				778C78632C0A4658000CDC92 /* Debug */,
				778C78642C0A4658000CDC92 /* Release */,
			);
			defaultConfigurationIsVisible = 0;
			defaultConfigurationName = Release;
		};
		778C78652C0A4658000CDC92 /* Build configuration list for PBXNativeTarget "SymbolGridUITests" */ = {
			isa = XCConfigurationList;
			buildConfigurations = (
				778C78662C0A4658000CDC92 /* Debug */,
				778C78672C0A4658000CDC92 /* Release */,
			);
			defaultConfigurationIsVisible = 0;
			defaultConfigurationName = Release;
		};
		8B21B7402C224F07008A0518 /* Build configuration list for PBXNativeTarget "Search" */ = {
			isa = XCConfigurationList;
			buildConfigurations = (
				8B21B7412C224F07008A0518 /* Debug */,
				8B21B7422C224F07008A0518 /* Release */,
			);
			defaultConfigurationIsVisible = 0;
			defaultConfigurationName = Release;
		};
/* End XCConfigurationList section */

/* Begin XCRemoteSwiftPackageReference section */
		5CD9FF222CAADF1500248FDF /* XCRemoteSwiftPackageReference "Splash" */ = {
			isa = XCRemoteSwiftPackageReference;
			repositoryURL = "https://github.com/JohnSundell/Splash";
			requirement = {
				kind = upToNextMajorVersion;
				minimumVersion = 0.16.0;
			};
		};
		775651BE2C10E9190013B34B /* XCRemoteSwiftPackageReference "SFSymbolKit" */ = {
			isa = XCRemoteSwiftPackageReference;
			repositoryURL = "https://github.com/dl-alexandre/SFSymbolKit";
			requirement = {
				branch = main;
				kind = branch;
			};
		};
		77D2BD4A2C2B59720020B42B /* XCRemoteSwiftPackageReference "Design" */ = {
			isa = XCRemoteSwiftPackageReference;
			repositoryURL = "https://github.com/dl-alexandre/Design";
			requirement = {
				branch = main;
				kind = branch;
			};
		};
/* End XCRemoteSwiftPackageReference section */

/* Begin XCSwiftPackageProductDependency section */
		5CD9FF232CAADF1500248FDF /* Splash */ = {
			isa = XCSwiftPackageProductDependency;
			package = 5CD9FF222CAADF1500248FDF /* XCRemoteSwiftPackageReference "Splash" */;
			productName = Splash;
		};
		775651BF2C10E9190013B34B /* SFSymbolKit */ = {
			isa = XCSwiftPackageProductDependency;
			package = 775651BE2C10E9190013B34B /* XCRemoteSwiftPackageReference "SFSymbolKit" */;
			productName = SFSymbolKit;
		};
		7783DB8C2C2B606F00F993E3 /* Design */ = {
			isa = XCSwiftPackageProductDependency;
			package = 77D2BD4A2C2B59720020B42B /* XCRemoteSwiftPackageReference "Design" */;
			productName = Design;
		};
/* End XCSwiftPackageProductDependency section */
	};
	rootObject = 778C78332C0A4656000CDC92 /* Project object */;
}
