// !$*UTF8*$!
{
	archiveVersion = 1;
	classes = {
	};
	objectVersion = 56;
	objects = {

/* Begin PBXBuildFile section */
		7703C5CF2C05080800CA6F3C /* Settings.bundle in Resources */ = {isa = PBXBuildFile; fileRef = 7703C5CE2C05080800CA6F3C /* Settings.bundle */; };
		779594492C078CA100D67D81 /* System.swift in Sources */ = {isa = PBXBuildFile; fileRef = 779594482C078CA100D67D81 /* System.swift */; };
		7795944C2C07EB2100D67D81 /* SettingsView.swift in Sources */ = {isa = PBXBuildFile; fileRef = 7795944B2C07EB2100D67D81 /* SettingsView.swift */; };
		7795944E2C07EB4400D67D81 /* FontSizeSetting.swift in Sources */ = {isa = PBXBuildFile; fileRef = 7795944D2C07EB4400D67D81 /* FontSizeSetting.swift */; };
		779594502C07EB6000D67D81 /* LocalizationSetting.swift in Sources */ = {isa = PBXBuildFile; fileRef = 7795944F2C07EB6000D67D81 /* LocalizationSetting.swift */; };
		779594522C07EB7E00D67D81 /* LoadingView.swift in Sources */ = {isa = PBXBuildFile; fileRef = 779594512C07EB7E00D67D81 /* LoadingView.swift */; };
		77A2E9052C080E96009F456E /* SFSymbolKit in Frameworks */ = {isa = PBXBuildFile; productRef = 77A2E9042C080E96009F456E /* SFSymbolKit */; };
		77A2E9082C080F27009F456E /* SFSymbolKit in Frameworks */ = {isa = PBXBuildFile; productRef = 77A2E9072C080F27009F456E /* SFSymbolKit */; };
		77DC5FDC2C014AD7006407D2 /* SymbolViewApp.swift in Sources */ = {isa = PBXBuildFile; fileRef = 77DC5FDB2C014AD7006407D2 /* SymbolViewApp.swift */; };
		77DC5FDE2C014AD7006407D2 /* ContentView.swift in Sources */ = {isa = PBXBuildFile; fileRef = 77DC5FDD2C014AD7006407D2 /* ContentView.swift */; };
		77DC5FE32C014AD9006407D2 /* Preview Assets.xcassets in Resources */ = {isa = PBXBuildFile; fileRef = 77DC5FE22C014AD9006407D2 /* Preview Assets.xcassets */; };
		77DC5FEA2C014B0E006407D2 /* SymbolGrid.swift in Sources */ = {isa = PBXBuildFile; fileRef = 77DC5FE92C014B0E006407D2 /* SymbolGrid.swift */; };
		77DC5FEC2C014B29006407D2 /* SymbolContextMenu.swift in Sources */ = {isa = PBXBuildFile; fileRef = 77DC5FEB2C014B29006407D2 /* SymbolContextMenu.swift */; };
		77DC5FF02C014C3A006407D2 /* Assets.xcassets in Resources */ = {isa = PBXBuildFile; fileRef = 77DC5FEF2C014C3A006407D2 /* Assets.xcassets */; };
/* End PBXBuildFile section */

/* Begin PBXCopyFilesBuildPhase section */
		77E5AC212C08002E004820B2 /* Embed Frameworks */ = {
			isa = PBXCopyFilesBuildPhase;
			buildActionMask = 2147483647;
			dstPath = "";
			dstSubfolderSpec = 10;
			files = (
			);
			name = "Embed Frameworks";
			runOnlyForDeploymentPostprocessing = 0;
		};
/* End PBXCopyFilesBuildPhase section */

/* Begin PBXFileReference section */
		7703C5B12C0427A600CA6F3C /* Info.plist */ = {isa = PBXFileReference; lastKnownFileType = text.plist; path = Info.plist; sourceTree = "<group>"; };
		7703C5BB2C042D1800CA6F3C /* SymbolViewUITests.swift */ = {isa = PBXFileReference; lastKnownFileType = sourcecode.swift; path = SymbolViewUITests.swift; sourceTree = "<group>"; };
		7703C5BD2C042D1800CA6F3C /* SymbolViewUITestsLaunchTests.swift */ = {isa = PBXFileReference; lastKnownFileType = sourcecode.swift; path = SymbolViewUITestsLaunchTests.swift; sourceTree = "<group>"; };
		7703C5CE2C05080800CA6F3C /* Settings.bundle */ = {isa = PBXFileReference; lastKnownFileType = "wrapper.plug-in"; path = Settings.bundle; sourceTree = "<group>"; };
		779594472C06AD2000D67D81 /* SymbolView.entitlements */ = {isa = PBXFileReference; lastKnownFileType = text.plist.entitlements; path = SymbolView.entitlements; sourceTree = "<group>"; };
		779594482C078CA100D67D81 /* System.swift */ = {isa = PBXFileReference; lastKnownFileType = sourcecode.swift; path = System.swift; sourceTree = "<group>"; };
		7795944B2C07EB2100D67D81 /* SettingsView.swift */ = {isa = PBXFileReference; lastKnownFileType = sourcecode.swift; path = SettingsView.swift; sourceTree = "<group>"; };
		7795944D2C07EB4400D67D81 /* FontSizeSetting.swift */ = {isa = PBXFileReference; lastKnownFileType = sourcecode.swift; path = FontSizeSetting.swift; sourceTree = "<group>"; };
		7795944F2C07EB6000D67D81 /* LocalizationSetting.swift */ = {isa = PBXFileReference; lastKnownFileType = sourcecode.swift; path = LocalizationSetting.swift; sourceTree = "<group>"; };
		779594512C07EB7E00D67D81 /* LoadingView.swift */ = {isa = PBXFileReference; lastKnownFileType = sourcecode.swift; path = LoadingView.swift; sourceTree = "<group>"; };
		77DC5FD82C014AD7006407D2 /* SymbolView.app */ = {isa = PBXFileReference; explicitFileType = wrapper.application; includeInIndex = 0; path = SymbolView.app; sourceTree = BUILT_PRODUCTS_DIR; };
		77DC5FDB2C014AD7006407D2 /* SymbolViewApp.swift */ = {isa = PBXFileReference; lastKnownFileType = sourcecode.swift; path = SymbolViewApp.swift; sourceTree = "<group>"; };
		77DC5FDD2C014AD7006407D2 /* ContentView.swift */ = {isa = PBXFileReference; lastKnownFileType = sourcecode.swift; path = ContentView.swift; sourceTree = "<group>"; };
		77DC5FE22C014AD9006407D2 /* Preview Assets.xcassets */ = {isa = PBXFileReference; lastKnownFileType = folder.assetcatalog; path = "Preview Assets.xcassets"; sourceTree = "<group>"; };
		77DC5FE92C014B0E006407D2 /* SymbolGrid.swift */ = {isa = PBXFileReference; lastKnownFileType = sourcecode.swift; path = SymbolGrid.swift; sourceTree = "<group>"; };
		77DC5FEB2C014B29006407D2 /* SymbolContextMenu.swift */ = {isa = PBXFileReference; lastKnownFileType = sourcecode.swift; path = SymbolContextMenu.swift; sourceTree = "<group>"; };
		77DC5FEF2C014C3A006407D2 /* Assets.xcassets */ = {isa = PBXFileReference; lastKnownFileType = folder.assetcatalog; path = Assets.xcassets; sourceTree = "<group>"; };
/* End PBXFileReference section */

/* Begin PBXFrameworksBuildPhase section */
		77DC5FD52C014AD7006407D2 /* Frameworks */ = {
			isa = PBXFrameworksBuildPhase;
			buildActionMask = 2147483647;
			files = (
				77A2E9082C080F27009F456E /* SFSymbolKit in Frameworks */,
				77A2E9052C080E96009F456E /* SFSymbolKit in Frameworks */,
			);
			runOnlyForDeploymentPostprocessing = 0;
		};
/* End PBXFrameworksBuildPhase section */

/* Begin PBXGroup section */
		7703C5BA2C042D1800CA6F3C /* SymbolViewUITests */ = {
			isa = PBXGroup;
			children = (
				7703C5BB2C042D1800CA6F3C /* SymbolViewUITests.swift */,
				7703C5BD2C042D1800CA6F3C /* SymbolViewUITestsLaunchTests.swift */,
			);
			path = SymbolViewUITests;
			sourceTree = "<group>";
		};
		7795944A2C07EB0500D67D81 /* Settings */ = {
			isa = PBXGroup;
			children = (
				7795944B2C07EB2100D67D81 /* SettingsView.swift */,
				7795944D2C07EB4400D67D81 /* FontSizeSetting.swift */,
				7795944F2C07EB6000D67D81 /* LocalizationSetting.swift */,
			);
			path = Settings;
			sourceTree = "<group>";
		};
		77DC5FCF2C014AD7006407D2 = {
			isa = PBXGroup;
			children = (
				77DC5FDA2C014AD7006407D2 /* SymbolView */,
				7703C5BA2C042D1800CA6F3C /* SymbolViewUITests */,
				77DC5FD92C014AD7006407D2 /* Products */,
			);
			sourceTree = "<group>";
		};
		77DC5FD92C014AD7006407D2 /* Products */ = {
			isa = PBXGroup;
			children = (
				77DC5FD82C014AD7006407D2 /* SymbolView.app */,
			);
			name = Products;
			sourceTree = "<group>";
		};
		77DC5FDA2C014AD7006407D2 /* SymbolView */ = {
			isa = PBXGroup;
			children = (
				779594472C06AD2000D67D81 /* SymbolView.entitlements */,
				7703C5B12C0427A600CA6F3C /* Info.plist */,
				77DC5FDB2C014AD7006407D2 /* SymbolViewApp.swift */,
				779594512C07EB7E00D67D81 /* LoadingView.swift */,
				7795944A2C07EB0500D67D81 /* Settings */,
				77DC5FDD2C014AD7006407D2 /* ContentView.swift */,
				77DC5FE92C014B0E006407D2 /* SymbolGrid.swift */,
				779594482C078CA100D67D81 /* System.swift */,
				77DC5FEB2C014B29006407D2 /* SymbolContextMenu.swift */,
				77DC5FEF2C014C3A006407D2 /* Assets.xcassets */,
				7703C5CE2C05080800CA6F3C /* Settings.bundle */,
				77DC5FE12C014AD9006407D2 /* Preview Content */,
			);
			path = SymbolView;
			sourceTree = "<group>";
		};
		77DC5FE12C014AD9006407D2 /* Preview Content */ = {
			isa = PBXGroup;
			children = (
				77DC5FE22C014AD9006407D2 /* Preview Assets.xcassets */,
			);
			path = "Preview Content";
			sourceTree = "<group>";
		};
/* End PBXGroup section */

/* Begin PBXNativeTarget section */
		77DC5FD72C014AD7006407D2 /* SymbolView */ = {
			isa = PBXNativeTarget;
			buildConfigurationList = 77DC5FE62C014AD9006407D2 /* Build configuration list for PBXNativeTarget "SymbolView" */;
			buildPhases = (
				77DC5FD42C014AD7006407D2 /* Sources */,
				77DC5FD52C014AD7006407D2 /* Frameworks */,
				77DC5FD62C014AD7006407D2 /* Resources */,
				77E5AC212C08002E004820B2 /* Embed Frameworks */,
			);
			buildRules = (
			);
			dependencies = (
			);
			name = SymbolView;
			packageProductDependencies = (
				77A2E9042C080E96009F456E /* SFSymbolKit */,
				77A2E9072C080F27009F456E /* SFSymbolKit */,
			);
			productName = SymbolView;
			productReference = 77DC5FD82C014AD7006407D2 /* SymbolView.app */;
			productType = "com.apple.product-type.application";
		};
/* End PBXNativeTarget section */

/* Begin PBXProject section */
		77DC5FD02C014AD7006407D2 /* Project object */ = {
			isa = PBXProject;
			attributes = {
				BuildIndependentTargetsInParallel = 1;
				LastSwiftUpdateCheck = 1540;
				LastUpgradeCheck = 1540;
				TargetAttributes = {
					77DC5FD72C014AD7006407D2 = {
						CreatedOnToolsVersion = 15.4;
					};
				};
			};
			buildConfigurationList = 77DC5FD32C014AD7006407D2 /* Build configuration list for PBXProject "SymbolView" */;
			compatibilityVersion = "Xcode 14.0";
			developmentRegion = en;
			hasScannedForEncodings = 0;
			knownRegions = (
				en,
				Base,
			);
			mainGroup = 77DC5FCF2C014AD7006407D2;
			packageReferences = (
				77A2E9062C080F27009F456E /* XCRemoteSwiftPackageReference "SFSymbolKit" */,
			);
			productRefGroup = 77DC5FD92C014AD7006407D2 /* Products */;
			projectDirPath = "";
			projectRoot = "";
			targets = (
				77DC5FD72C014AD7006407D2 /* SymbolView */,
			);
		};
/* End PBXProject section */

/* Begin PBXResourcesBuildPhase section */
		77DC5FD62C014AD7006407D2 /* Resources */ = {
			isa = PBXResourcesBuildPhase;
			buildActionMask = 2147483647;
			files = (
				7703C5CF2C05080800CA6F3C /* Settings.bundle in Resources */,
				77DC5FF02C014C3A006407D2 /* Assets.xcassets in Resources */,
				77DC5FE32C014AD9006407D2 /* Preview Assets.xcassets in Resources */,
			);
			runOnlyForDeploymentPostprocessing = 0;
		};
/* End PBXResourcesBuildPhase section */

/* Begin PBXSourcesBuildPhase section */
		77DC5FD42C014AD7006407D2 /* Sources */ = {
			isa = PBXSourcesBuildPhase;
			buildActionMask = 2147483647;
			files = (
				77DC5FDE2C014AD7006407D2 /* ContentView.swift in Sources */,
				7795944C2C07EB2100D67D81 /* SettingsView.swift in Sources */,
				7795944E2C07EB4400D67D81 /* FontSizeSetting.swift in Sources */,
				779594522C07EB7E00D67D81 /* LoadingView.swift in Sources */,
				77DC5FEC2C014B29006407D2 /* SymbolContextMenu.swift in Sources */,
				779594492C078CA100D67D81 /* System.swift in Sources */,
				779594502C07EB6000D67D81 /* LocalizationSetting.swift in Sources */,
				77DC5FEA2C014B0E006407D2 /* SymbolGrid.swift in Sources */,
				77DC5FDC2C014AD7006407D2 /* SymbolViewApp.swift in Sources */,
			);
			runOnlyForDeploymentPostprocessing = 0;
		};
/* End PBXSourcesBuildPhase section */

/* Begin XCBuildConfiguration section */
		77DC5FE42C014AD9006407D2 /* Debug */ = {
			isa = XCBuildConfiguration;
			buildSettings = {
				ALWAYS_SEARCH_USER_PATHS = NO;
				ASSETCATALOG_COMPILER_GENERATE_SWIFT_ASSET_SYMBOL_EXTENSIONS = YES;
				CLANG_ANALYZER_NONNULL = YES;
				CLANG_ANALYZER_NUMBER_OBJECT_CONVERSION = YES_AGGRESSIVE;
				CLANG_CXX_LANGUAGE_STANDARD = "gnu++20";
				CLANG_ENABLE_MODULES = YES;
				CLANG_ENABLE_OBJC_ARC = YES;
				CLANG_ENABLE_OBJC_WEAK = YES;
				CLANG_WARN_BLOCK_CAPTURE_AUTORELEASING = YES;
				CLANG_WARN_BOOL_CONVERSION = YES;
				CLANG_WARN_COMMA = YES;
				CLANG_WARN_CONSTANT_CONVERSION = YES;
				CLANG_WARN_DEPRECATED_OBJC_IMPLEMENTATIONS = YES;
				CLANG_WARN_DIRECT_OBJC_ISA_USAGE = YES_ERROR;
				CLANG_WARN_DOCUMENTATION_COMMENTS = YES;
				CLANG_WARN_EMPTY_BODY = YES;
				CLANG_WARN_ENUM_CONVERSION = YES;
				CLANG_WARN_INFINITE_RECURSION = YES;
				CLANG_WARN_INT_CONVERSION = YES;
				CLANG_WARN_NON_LITERAL_NULL_CONVERSION = YES;
				CLANG_WARN_OBJC_IMPLICIT_RETAIN_SELF = YES;
				CLANG_WARN_OBJC_LITERAL_CONVERSION = YES;
				CLANG_WARN_OBJC_ROOT_CLASS = YES_ERROR;
				CLANG_WARN_QUOTED_INCLUDE_IN_FRAMEWORK_HEADER = YES;
				CLANG_WARN_RANGE_LOOP_ANALYSIS = YES;
				CLANG_WARN_STRICT_PROTOTYPES = YES;
				CLANG_WARN_SUSPICIOUS_MOVE = YES;
				CLANG_WARN_UNGUARDED_AVAILABILITY = YES_AGGRESSIVE;
				CLANG_WARN_UNREACHABLE_CODE = YES;
				CLANG_WARN__DUPLICATE_METHOD_MATCH = YES;
				COPY_PHASE_STRIP = NO;
				DEBUG_INFORMATION_FORMAT = dwarf;
				ENABLE_STRICT_OBJC_MSGSEND = YES;
				ENABLE_TESTABILITY = YES;
				ENABLE_USER_SCRIPT_SANDBOXING = YES;
				GCC_C_LANGUAGE_STANDARD = gnu17;
				GCC_DYNAMIC_NO_PIC = NO;
				GCC_NO_COMMON_BLOCKS = YES;
				GCC_OPTIMIZATION_LEVEL = 0;
				GCC_PREPROCESSOR_DEFINITIONS = (
					"DEBUG=1",
					"$(inherited)",
				);
				GCC_WARN_64_TO_32_BIT_CONVERSION = YES;
				GCC_WARN_ABOUT_RETURN_TYPE = YES_ERROR;
				GCC_WARN_UNDECLARED_SELECTOR = YES;
				GCC_WARN_UNINITIALIZED_AUTOS = YES_AGGRESSIVE;
				GCC_WARN_UNUSED_FUNCTION = YES;
				GCC_WARN_UNUSED_VARIABLE = YES;
				IPHONEOS_DEPLOYMENT_TARGET = 17.5;
				LOCALIZATION_PREFERS_STRING_CATALOGS = YES;
				MTL_ENABLE_DEBUG_INFO = INCLUDE_SOURCE;
				MTL_FAST_MATH = YES;
				ONLY_ACTIVE_ARCH = YES;
				SDKROOT = iphoneos;
				SWIFT_ACTIVE_COMPILATION_CONDITIONS = "DEBUG $(inherited)";
				SWIFT_OPTIMIZATION_LEVEL = "-Onone";
			};
			name = Debug;
		};
		77DC5FE52C014AD9006407D2 /* Release */ = {
			isa = XCBuildConfiguration;
			buildSettings = {
				ALWAYS_SEARCH_USER_PATHS = NO;
				ASSETCATALOG_COMPILER_GENERATE_SWIFT_ASSET_SYMBOL_EXTENSIONS = YES;
				CLANG_ANALYZER_NONNULL = YES;
				CLANG_ANALYZER_NUMBER_OBJECT_CONVERSION = YES_AGGRESSIVE;
				CLANG_CXX_LANGUAGE_STANDARD = "gnu++20";
				CLANG_ENABLE_MODULES = YES;
				CLANG_ENABLE_OBJC_ARC = YES;
				CLANG_ENABLE_OBJC_WEAK = YES;
				CLANG_WARN_BLOCK_CAPTURE_AUTORELEASING = YES;
				CLANG_WARN_BOOL_CONVERSION = YES;
				CLANG_WARN_COMMA = YES;
				CLANG_WARN_CONSTANT_CONVERSION = YES;
				CLANG_WARN_DEPRECATED_OBJC_IMPLEMENTATIONS = YES;
				CLANG_WARN_DIRECT_OBJC_ISA_USAGE = YES_ERROR;
				CLANG_WARN_DOCUMENTATION_COMMENTS = YES;
				CLANG_WARN_EMPTY_BODY = YES;
				CLANG_WARN_ENUM_CONVERSION = YES;
				CLANG_WARN_INFINITE_RECURSION = YES;
				CLANG_WARN_INT_CONVERSION = YES;
				CLANG_WARN_NON_LITERAL_NULL_CONVERSION = YES;
				CLANG_WARN_OBJC_IMPLICIT_RETAIN_SELF = YES;
				CLANG_WARN_OBJC_LITERAL_CONVERSION = YES;
				CLANG_WARN_OBJC_ROOT_CLASS = YES_ERROR;
				CLANG_WARN_QUOTED_INCLUDE_IN_FRAMEWORK_HEADER = YES;
				CLANG_WARN_RANGE_LOOP_ANALYSIS = YES;
				CLANG_WARN_STRICT_PROTOTYPES = YES;
				CLANG_WARN_SUSPICIOUS_MOVE = YES;
				CLANG_WARN_UNGUARDED_AVAILABILITY = YES_AGGRESSIVE;
				CLANG_WARN_UNREACHABLE_CODE = YES;
				CLANG_WARN__DUPLICATE_METHOD_MATCH = YES;
				COPY_PHASE_STRIP = NO;
				DEBUG_INFORMATION_FORMAT = "dwarf-with-dsym";
				ENABLE_NS_ASSERTIONS = NO;
				ENABLE_STRICT_OBJC_MSGSEND = YES;
				ENABLE_USER_SCRIPT_SANDBOXING = YES;
				GCC_C_LANGUAGE_STANDARD = gnu17;
				GCC_NO_COMMON_BLOCKS = YES;
				GCC_WARN_64_TO_32_BIT_CONVERSION = YES;
				GCC_WARN_ABOUT_RETURN_TYPE = YES_ERROR;
				GCC_WARN_UNDECLARED_SELECTOR = YES;
				GCC_WARN_UNINITIALIZED_AUTOS = YES_AGGRESSIVE;
				GCC_WARN_UNUSED_FUNCTION = YES;
				GCC_WARN_UNUSED_VARIABLE = YES;
				IPHONEOS_DEPLOYMENT_TARGET = 17.5;
				LOCALIZATION_PREFERS_STRING_CATALOGS = YES;
				MTL_ENABLE_DEBUG_INFO = NO;
				MTL_FAST_MATH = YES;
				SDKROOT = iphoneos;
				SWIFT_COMPILATION_MODE = wholemodule;
				VALIDATE_PRODUCT = YES;
			};
			name = Release;
		};
		77DC5FE72C014AD9006407D2 /* Debug */ = {
			isa = XCBuildConfiguration;
			buildSettings = {
				ASSETCATALOG_COMPILER_APPICON_NAME = AppIcon;
				ASSETCATALOG_COMPILER_GLOBAL_ACCENT_COLOR_NAME = AccentColor;
				CODE_SIGN_ENTITLEMENTS = SymbolView/SymbolView.entitlements;
				CODE_SIGN_STYLE = Automatic;
				CURRENT_PROJECT_VERSION = 1;
				DEVELOPMENT_ASSET_PATHS = "\"SymbolView/Preview Content\"";
				DEVELOPMENT_TEAM = 2MP8QWK7R6;
				ENABLE_APP_SANDBOX = YES;
				"ENABLE_HARDENED_RUNTIME[sdk=macosx*]" = YES;
				ENABLE_PREVIEWS = YES;
				GENERATE_INFOPLIST_FILE = YES;
				INFOPLIST_FILE = SymbolView/Info.plist;
				INFOPLIST_KEY_LSApplicationCategoryType = "public.app-category.developer-tools";
				INFOPLIST_KEY_UIApplicationSceneManifest_Generation = YES;
				INFOPLIST_KEY_UIApplicationSupportsIndirectInputEvents = YES;
				INFOPLIST_KEY_UILaunchScreen_Generation = YES;
				INFOPLIST_KEY_UISupportedInterfaceOrientations_iPad = "UIInterfaceOrientationPortrait UIInterfaceOrientationPortraitUpsideDown UIInterfaceOrientationLandscapeLeft UIInterfaceOrientationLandscapeRight";
				INFOPLIST_KEY_UISupportedInterfaceOrientations_iPhone = "UIInterfaceOrientationPortrait UIInterfaceOrientationLandscapeLeft UIInterfaceOrientationLandscapeRight";
				LD_RUNPATH_SEARCH_PATHS = (
					"$(inherited)",
					"@executable_path/Frameworks",
				);
				MARKETING_VERSION = 3.1.0;
				PRODUCT_BUNDLE_IDENTIFIER = com.alexandrefamilyfarm.symbols;
				PRODUCT_NAME = "$(TARGET_NAME)";
				SUPPORTED_PLATFORMS = "iphoneos iphonesimulator macosx xros xrsimulator";
				SUPPORTS_MACCATALYST = NO;
				SUPPORTS_MAC_DESIGNED_FOR_IPHONE_IPAD = NO;
				SUPPORTS_XR_DESIGNED_FOR_IPHONE_IPAD = NO;
				SWIFT_EMIT_LOC_STRINGS = YES;
				SWIFT_VERSION = 5.0;
				SYSTEM_FRAMEWORK_SEARCH_PATHS = "";
				TARGETED_DEVICE_FAMILY = "1,2,7";
			};
			name = Debug;
		};
		77DC5FE82C014AD9006407D2 /* Release */ = {
			isa = XCBuildConfiguration;
			buildSettings = {
				ASSETCATALOG_COMPILER_APPICON_NAME = AppIcon;
				ASSETCATALOG_COMPILER_GLOBAL_ACCENT_COLOR_NAME = AccentColor;
				CODE_SIGN_ENTITLEMENTS = SymbolView/SymbolView.entitlements;
				CODE_SIGN_STYLE = Automatic;
				CURRENT_PROJECT_VERSION = 1;
				DEVELOPMENT_ASSET_PATHS = "\"SymbolView/Preview Content\"";
				DEVELOPMENT_TEAM = 2MP8QWK7R6;
				ENABLE_APP_SANDBOX = YES;
				"ENABLE_HARDENED_RUNTIME[sdk=macosx*]" = YES;
				ENABLE_PREVIEWS = YES;
				GENERATE_INFOPLIST_FILE = YES;
				INFOPLIST_FILE = SymbolView/Info.plist;
				INFOPLIST_KEY_LSApplicationCategoryType = "public.app-category.developer-tools";
				INFOPLIST_KEY_UIApplicationSceneManifest_Generation = YES;
				INFOPLIST_KEY_UIApplicationSupportsIndirectInputEvents = YES;
				INFOPLIST_KEY_UILaunchScreen_Generation = YES;
				INFOPLIST_KEY_UISupportedInterfaceOrientations_iPad = "UIInterfaceOrientationPortrait UIInterfaceOrientationPortraitUpsideDown UIInterfaceOrientationLandscapeLeft UIInterfaceOrientationLandscapeRight";
				INFOPLIST_KEY_UISupportedInterfaceOrientations_iPhone = "UIInterfaceOrientationPortrait UIInterfaceOrientationLandscapeLeft UIInterfaceOrientationLandscapeRight";
				LD_RUNPATH_SEARCH_PATHS = (
					"$(inherited)",
					"@executable_path/Frameworks",
				);
				MARKETING_VERSION = 3.1.0;
				PRODUCT_BUNDLE_IDENTIFIER = com.alexandrefamilyfarm.symbols;
				PRODUCT_NAME = "$(TARGET_NAME)";
				SUPPORTED_PLATFORMS = "iphoneos iphonesimulator macosx xros xrsimulator";
				SUPPORTS_MACCATALYST = NO;
				SUPPORTS_MAC_DESIGNED_FOR_IPHONE_IPAD = NO;
				SUPPORTS_XR_DESIGNED_FOR_IPHONE_IPAD = NO;
				SWIFT_EMIT_LOC_STRINGS = YES;
				SWIFT_VERSION = 5.0;
				SYSTEM_FRAMEWORK_SEARCH_PATHS = "";
				TARGETED_DEVICE_FAMILY = "1,2,7";
			};
			name = Release;
		};
/* End XCBuildConfiguration section */

/* Begin XCConfigurationList section */
		77DC5FD32C014AD7006407D2 /* Build configuration list for PBXProject "SymbolView" */ = {
			isa = XCConfigurationList;
			buildConfigurations = (
				77DC5FE42C014AD9006407D2 /* Debug */,
				77DC5FE52C014AD9006407D2 /* Release */,
			);
			defaultConfigurationIsVisible = 0;
			defaultConfigurationName = Release;
		};
		77DC5FE62C014AD9006407D2 /* Build configuration list for PBXNativeTarget "SymbolView" */ = {
			isa = XCConfigurationList;
			buildConfigurations = (
				77DC5FE72C014AD9006407D2 /* Debug */,
				77DC5FE82C014AD9006407D2 /* Release */,
			);
			defaultConfigurationIsVisible = 0;
			defaultConfigurationName = Release;
		};
/* End XCConfigurationList section */

/* Begin XCRemoteSwiftPackageReference section */
		77A2E9062C080F27009F456E /* XCRemoteSwiftPackageReference "SFSymbolKit" */ = {
			isa = XCRemoteSwiftPackageReference;
			repositoryURL = "https://github.com/dl-alexandre/SFSymbolKit";
			requirement = {
				branch = main;
				kind = branch;
			};
		};
/* End XCRemoteSwiftPackageReference section */

/* Begin XCSwiftPackageProductDependency section */
		77A2E9042C080E96009F456E /* SFSymbolKit */ = {
			isa = XCSwiftPackageProductDependency;
			productName = SFSymbolKit;
		};
		77A2E9072C080F27009F456E /* SFSymbolKit */ = {
			isa = XCSwiftPackageProductDependency;
			package = 77A2E9062C080F27009F456E /* XCRemoteSwiftPackageReference "SFSymbolKit" */;
			productName = SFSymbolKit;
		};
/* End XCSwiftPackageProductDependency section */
	};
	rootObject = 77DC5FD02C014AD7006407D2 /* Project object */;
}
