{
  "originHash" : "ed86cab375e77fc57d7d605d9015be7d9ec2f5f859cede5425e5788e01a002a9",
  "pins" : [
    {
      "identity" : "design",
      "kind" : "remoteSourceControl",
      "location" : "https://github.com/dl-alexandre/Design",
      "state" : {
        "branch" : "main",
        "revision" : "4616fcb612cbd26140a15ae7b5c7421f6738779b"
      }
    },
    {
      "identity" : "sfsymbolkit",
      "kind" : "remoteSourceControl",
      "location" : "https://github.com/dl-alexandre/SFSymbolKit",
      "state" : {
        "branch" : "main",
        "revision" : "eda4543497114a33b0cd821ad58d9714a7af0d4a"
      }
    }
  ],
  "version" : 3
}
