{
  "originHash" : "c487ca295d871f640ea0a76f5f032c1f7ab3a2129ffa9e086285569a2397d1a1",
  "pins" : [
    {
      "identity" : "sfsymbolkit",
      "kind" : "remoteSourceControl",
      "location" : "https://github.com/dl-alexandre/SFSymbolKit",
      "state" : {
        "branch" : "main",
        "revision" : "f29f023ede9a048df3159266f63625ebbf30ae77"
      }
    }
  ],
  "version" : 3
}
